// !$*UTF8*$!
{
	archiveVersion = 1;
	classes = {
	};
	objectVersion = 46;
	objects = {

/* Begin PBXBuildFile section */
		A45045ED1EDFEEAF00AFE50C /* AppDelegate.swift in Sources */ = {isa = PBXBuildFile; fileRef = A45045EC1EDFEEAF00AFE50C /* AppDelegate.swift */; };
		A45045F41EDFEEAF00AFE50C /* Assets.xcassets in Resources */ = {isa = PBXBuildFile; fileRef = A45045F31EDFEEAF00AFE50C /* Assets.xcassets */; };
		A45045F71EDFEEAF00AFE50C /* LaunchScreen.storyboard in Resources */ = {isa = PBXBuildFile; fileRef = A45045F51EDFEEAF00AFE50C /* LaunchScreen.storyboard */; };
		A45046021EDFEEB000AFE50C /* SKYAOYAOTests.swift in Sources */ = {isa = PBXBuildFile; fileRef = A45046011EDFEEB000AFE50C /* SKYAOYAOTests.swift */; };
		A450460D1EDFEEB000AFE50C /* SKYAOYAOUITests.swift in Sources */ = {isa = PBXBuildFile; fileRef = A450460C1EDFEEB000AFE50C /* SKYAOYAOUITests.swift */; };
		A450461B1EDFF73600AFE50C /* pubInvoke.swift in Sources */ = {isa = PBXBuildFile; fileRef = A450461A1EDFF73600AFE50C /* pubInvoke.swift */; };
		A450461D1EDFF80500AFE50C /* SKNavViewController.swift in Sources */ = {isa = PBXBuildFile; fileRef = A450461C1EDFF80500AFE50C /* SKNavViewController.swift */; };
		A45046341EDFFAE900AFE50C /* SKTabbarViewController.swift in Sources */ = {isa = PBXBuildFile; fileRef = A45046331EDFFAE900AFE50C /* SKTabbarViewController.swift */; };
		A45046361EDFFB6C00AFE50C /* SKHomeViewController.swift in Sources */ = {isa = PBXBuildFile; fileRef = A45046351EDFFB6C00AFE50C /* SKHomeViewController.swift */; };
		A45046381EDFFB8900AFE50C /* SKCategoryViewController.swift in Sources */ = {isa = PBXBuildFile; fileRef = A45046371EDFFB8900AFE50C /* SKCategoryViewController.swift */; };
		A450463A1EDFFBB400AFE50C /* SKShopCarViewController.swift in Sources */ = {isa = PBXBuildFile; fileRef = A45046391EDFFBB400AFE50C /* SKShopCarViewController.swift */; };
		A450463C1EDFFBC500AFE50C /* SKProfileViewController.swift in Sources */ = {isa = PBXBuildFile; fileRef = A450463B1EDFFBC500AFE50C /* SKProfileViewController.swift */; };
/* End PBXBuildFile section */

/* Begin PBXContainerItemProxy section */
		A45045FE1EDFEEB000AFE50C /* PBXContainerItemProxy */ = {
			isa = PBXContainerItemProxy;
			containerPortal = A45045E11EDFEEAF00AFE50C /* Project object */;
			proxyType = 1;
			remoteGlobalIDString = A45045E81EDFEEAF00AFE50C;
			remoteInfo = SKYAOYAO;
		};
		A45046091EDFEEB000AFE50C /* PBXContainerItemProxy */ = {
			isa = PBXContainerItemProxy;
			containerPortal = A45045E11EDFEEAF00AFE50C /* Project object */;
			proxyType = 1;
			remoteGlobalIDString = A45045E81EDFEEAF00AFE50C;
			remoteInfo = SKYAOYAO;
		};
/* End PBXContainerItemProxy section */

/* Begin PBXFileReference section */
		A45045E91EDFEEAF00AFE50C /* SKYAOYAO.app */ = {isa = PBXFileReference; explicitFileType = wrapper.application; includeInIndex = 0; path = SKYAOYAO.app; sourceTree = BUILT_PRODUCTS_DIR; };
		A45045EC1EDFEEAF00AFE50C /* AppDelegate.swift */ = {isa = PBXFileReference; lastKnownFileType = sourcecode.swift; path = AppDelegate.swift; sourceTree = "<group>"; };
		A45045F31EDFEEAF00AFE50C /* Assets.xcassets */ = {isa = PBXFileReference; lastKnownFileType = folder.assetcatalog; path = Assets.xcassets; sourceTree = "<group>"; };
		A45045F61EDFEEAF00AFE50C /* Base */ = {isa = PBXFileReference; lastKnownFileType = file.storyboard; name = Base; path = Base.lproj/LaunchScreen.storyboard; sourceTree = "<group>"; };
		A45045F81EDFEEAF00AFE50C /* Info.plist */ = {isa = PBXFileReference; lastKnownFileType = text.plist.xml; path = Info.plist; sourceTree = "<group>"; };
		A45045FD1EDFEEB000AFE50C /* SKYAOYAOTests.xctest */ = {isa = PBXFileReference; explicitFileType = wrapper.cfbundle; includeInIndex = 0; path = SKYAOYAOTests.xctest; sourceTree = BUILT_PRODUCTS_DIR; };
		A45046011EDFEEB000AFE50C /* SKYAOYAOTests.swift */ = {isa = PBXFileReference; lastKnownFileType = sourcecode.swift; path = SKYAOYAOTests.swift; sourceTree = "<group>"; };
		A45046031EDFEEB000AFE50C /* Info.plist */ = {isa = PBXFileReference; lastKnownFileType = text.plist.xml; path = Info.plist; sourceTree = "<group>"; };
		A45046081EDFEEB000AFE50C /* SKYAOYAOUITests.xctest */ = {isa = PBXFileReference; explicitFileType = wrapper.cfbundle; includeInIndex = 0; path = SKYAOYAOUITests.xctest; sourceTree = BUILT_PRODUCTS_DIR; };
		A450460C1EDFEEB000AFE50C /* SKYAOYAOUITests.swift */ = {isa = PBXFileReference; lastKnownFileType = sourcecode.swift; path = SKYAOYAOUITests.swift; sourceTree = "<group>"; };
		A450460E1EDFEEB000AFE50C /* Info.plist */ = {isa = PBXFileReference; lastKnownFileType = text.plist.xml; path = Info.plist; sourceTree = "<group>"; };
		A450461A1EDFF73600AFE50C /* pubInvoke.swift */ = {isa = PBXFileReference; fileEncoding = 4; lastKnownFileType = sourcecode.swift; path = pubInvoke.swift; sourceTree = "<group>"; };
		A450461C1EDFF80500AFE50C /* SKNavViewController.swift */ = {isa = PBXFileReference; fileEncoding = 4; lastKnownFileType = sourcecode.swift; path = SKNavViewController.swift; sourceTree = "<group>"; };
		A45046331EDFFAE900AFE50C /* SKTabbarViewController.swift */ = {isa = PBXFileReference; fileEncoding = 4; lastKnownFileType = sourcecode.swift; path = SKTabbarViewController.swift; sourceTree = "<group>"; };
		A45046351EDFFB6C00AFE50C /* SKHomeViewController.swift */ = {isa = PBXFileReference; fileEncoding = 4; lastKnownFileType = sourcecode.swift; path = SKHomeViewController.swift; sourceTree = "<group>"; };
		A45046371EDFFB8900AFE50C /* SKCategoryViewController.swift */ = {isa = PBXFileReference; fileEncoding = 4; lastKnownFileType = sourcecode.swift; path = SKCategoryViewController.swift; sourceTree = "<group>"; };
		A45046391EDFFBB400AFE50C /* SKShopCarViewController.swift */ = {isa = PBXFileReference; fileEncoding = 4; lastKnownFileType = sourcecode.swift; path = SKShopCarViewController.swift; sourceTree = "<group>"; };
		A450463B1EDFFBC500AFE50C /* SKProfileViewController.swift */ = {isa = PBXFileReference; fileEncoding = 4; lastKnownFileType = sourcecode.swift; path = SKProfileViewController.swift; sourceTree = "<group>"; };
/* End PBXFileReference section */

/* Begin PBXFrameworksBuildPhase section */
		A45045E61EDFEEAF00AFE50C /* Frameworks */ = {
			isa = PBXFrameworksBuildPhase;
			buildActionMask = 2147483647;
			files = (
			);
			runOnlyForDeploymentPostprocessing = 0;
		};
		A45045FA1EDFEEB000AFE50C /* Frameworks */ = {
			isa = PBXFrameworksBuildPhase;
			buildActionMask = 2147483647;
			files = (
			);
			runOnlyForDeploymentPostprocessing = 0;
		};
		A45046051EDFEEB000AFE50C /* Frameworks */ = {
			isa = PBXFrameworksBuildPhase;
			buildActionMask = 2147483647;
			files = (
			);
			runOnlyForDeploymentPostprocessing = 0;
		};
/* End PBXFrameworksBuildPhase section */

/* Begin PBXGroup section */
		A45045E01EDFEEAE00AFE50C = {
			isa = PBXGroup;
			children = (
				A45045EB1EDFEEAF00AFE50C /* SKYAOYAO */,
				A45046001EDFEEB000AFE50C /* SKYAOYAOTests */,
				A450460B1EDFEEB000AFE50C /* SKYAOYAOUITests */,
				A45045EA1EDFEEAF00AFE50C /* Products */,
			);
			sourceTree = "<group>";
		};
		A45045EA1EDFEEAF00AFE50C /* Products */ = {
			isa = PBXGroup;
			children = (
				A45045E91EDFEEAF00AFE50C /* SKYAOYAO.app */,
				A45045FD1EDFEEB000AFE50C /* SKYAOYAOTests.xctest */,
				A45046081EDFEEB000AFE50C /* SKYAOYAOUITests.xctest */,
			);
			name = Products;
			sourceTree = "<group>";
		};
		A45045EB1EDFEEAF00AFE50C /* SKYAOYAO */ = {
			isa = PBXGroup;
			children = (
				A450461E1EDFFA8500AFE50C /* Application */,
				A45045EC1EDFEEAF00AFE50C /* AppDelegate.swift */,
				A450461A1EDFF73600AFE50C /* pubInvoke.swift */,
				A450461C1EDFF80500AFE50C /* SKNavViewController.swift */,
				A45046331EDFFAE900AFE50C /* SKTabbarViewController.swift */,
				A45045F31EDFEEAF00AFE50C /* Assets.xcassets */,
				A45045F51EDFEEAF00AFE50C /* LaunchScreen.storyboard */,
				A45045F81EDFEEAF00AFE50C /* Info.plist */,
			);
			path = SKYAOYAO;
			sourceTree = "<group>";
		};
		A45046001EDFEEB000AFE50C /* SKYAOYAOTests */ = {
			isa = PBXGroup;
			children = (
				A45046011EDFEEB000AFE50C /* SKYAOYAOTests.swift */,
				A45046031EDFEEB000AFE50C /* Info.plist */,
			);
			path = SKYAOYAOTests;
			sourceTree = "<group>";
		};
		A450460B1EDFEEB000AFE50C /* SKYAOYAOUITests */ = {
			isa = PBXGroup;
			children = (
				A450460C1EDFEEB000AFE50C /* SKYAOYAOUITests.swift */,
				A450460E1EDFEEB000AFE50C /* Info.plist */,
			);
			path = SKYAOYAOUITests;
			sourceTree = "<group>";
		};
		A450461E1EDFFA8500AFE50C /* Application */ = {
			isa = PBXGroup;
			children = (
				A450461F1EDFFA8500AFE50C /* Classes */,
				A45046301EDFFA8500AFE50C /* Library */,
				A45046311EDFFA8500AFE50C /* Resource */,
				A45046321EDFFA8500AFE50C /* Tool */,
			);
			path = Application;
			sourceTree = "<group>";
		};
		A450461F1EDFFA8500AFE50C /* Classes */ = {
			isa = PBXGroup;
			children = (
				A45046241EDFFA8500AFE50C /* Home(首页) */,
				A45046201EDFFA8500AFE50C /* GoodCategory(分类) */,
				A450462C1EDFFA8500AFE50C /* ShopCar（购物车） */,
				A45046281EDFFA8500AFE50C /* Profile（我的） */,
			);
			path = Classes;
			sourceTree = "<group>";
		};
		A45046201EDFFA8500AFE50C /* GoodCategory(分类) */ = {
			isa = PBXGroup;
			children = (
				A45046211EDFFA8500AFE50C /* Controller */,
				A45046221EDFFA8500AFE50C /* Model */,
				A45046231EDFFA8500AFE50C /* View */,
			);
			path = "GoodCategory(分类)";
			sourceTree = "<group>";
		};
		A45046211EDFFA8500AFE50C /* Controller */ = {
			isa = PBXGroup;
			children = (
				A45046371EDFFB8900AFE50C /* SKCategoryViewController.swift */,
			);
			path = Controller;
			sourceTree = "<group>";
		};
		A45046221EDFFA8500AFE50C /* Model */ = {
			isa = PBXGroup;
			children = (
			);
			path = Model;
			sourceTree = "<group>";
		};
		A45046231EDFFA8500AFE50C /* View */ = {
			isa = PBXGroup;
			children = (
			);
			path = View;
			sourceTree = "<group>";
		};
		A45046241EDFFA8500AFE50C /* Home(首页) */ = {
			isa = PBXGroup;
			children = (
				A45046251EDFFA8500AFE50C /* Controller */,
				A45046261EDFFA8500AFE50C /* Model */,
				A45046271EDFFA8500AFE50C /* View */,
			);
			path = "Home(首页)";
			sourceTree = "<group>";
		};
		A45046251EDFFA8500AFE50C /* Controller */ = {
			isa = PBXGroup;
			children = (
				A45046351EDFFB6C00AFE50C /* SKHomeViewController.swift */,
			);
			path = Controller;
			sourceTree = "<group>";
		};
		A45046261EDFFA8500AFE50C /* Model */ = {
			isa = PBXGroup;
			children = (
			);
			path = Model;
			sourceTree = "<group>";
		};
		A45046271EDFFA8500AFE50C /* View */ = {
			isa = PBXGroup;
			children = (
			);
			path = View;
			sourceTree = "<group>";
		};
		A45046281EDFFA8500AFE50C /* Profile（我的） */ = {
			isa = PBXGroup;
			children = (
				A45046291EDFFA8500AFE50C /* Controller */,
				A450462A1EDFFA8500AFE50C /* Model */,
				A450462B1EDFFA8500AFE50C /* View */,
			);
			path = "Profile（我的）";
			sourceTree = "<group>";
		};
		A45046291EDFFA8500AFE50C /* Controller */ = {
			isa = PBXGroup;
			children = (
				A450463B1EDFFBC500AFE50C /* SKProfileViewController.swift */,
			);
			path = Controller;
			sourceTree = "<group>";
		};
		A450462A1EDFFA8500AFE50C /* Model */ = {
			isa = PBXGroup;
			children = (
			);
			path = Model;
			sourceTree = "<group>";
		};
		A450462B1EDFFA8500AFE50C /* View */ = {
			isa = PBXGroup;
			children = (
			);
			path = View;
			sourceTree = "<group>";
		};
		A450462C1EDFFA8500AFE50C /* ShopCar（购物车） */ = {
			isa = PBXGroup;
			children = (
				A450462D1EDFFA8500AFE50C /* Controller */,
				A450462E1EDFFA8500AFE50C /* Model */,
				A450462F1EDFFA8500AFE50C /* View */,
			);
			path = "ShopCar（购物车）";
			sourceTree = "<group>";
		};
		A450462D1EDFFA8500AFE50C /* Controller */ = {
			isa = PBXGroup;
			children = (
				A45046391EDFFBB400AFE50C /* SKShopCarViewController.swift */,
			);
			path = Controller;
			sourceTree = "<group>";
		};
		A450462E1EDFFA8500AFE50C /* Model */ = {
			isa = PBXGroup;
			children = (
			);
			path = Model;
			sourceTree = "<group>";
		};
		A450462F1EDFFA8500AFE50C /* View */ = {
			isa = PBXGroup;
			children = (
			);
			path = View;
			sourceTree = "<group>";
		};
		A45046301EDFFA8500AFE50C /* Library */ = {
			isa = PBXGroup;
			children = (
			);
			path = Library;
			sourceTree = "<group>";
		};
		A45046311EDFFA8500AFE50C /* Resource */ = {
			isa = PBXGroup;
			children = (
			);
			path = Resource;
			sourceTree = "<group>";
		};
		A45046321EDFFA8500AFE50C /* Tool */ = {
			isa = PBXGroup;
			children = (
			);
			path = Tool;
			sourceTree = "<group>";
		};
/* End PBXGroup section */

/* Begin PBXNativeTarget section */
		A45045E81EDFEEAF00AFE50C /* SKYAOYAO */ = {
			isa = PBXNativeTarget;
			buildConfigurationList = A45046111EDFEEB000AFE50C /* Build configuration list for PBXNativeTarget "SKYAOYAO" */;
			buildPhases = (
				A45045E51EDFEEAF00AFE50C /* Sources */,
				A45045E61EDFEEAF00AFE50C /* Frameworks */,
				A45045E71EDFEEAF00AFE50C /* Resources */,
			);
			buildRules = (
			);
			dependencies = (
			);
			name = SKYAOYAO;
			productName = SKYAOYAO;
			productReference = A45045E91EDFEEAF00AFE50C /* SKYAOYAO.app */;
			productType = "com.apple.product-type.application";
		};
		A45045FC1EDFEEB000AFE50C /* SKYAOYAOTests */ = {
			isa = PBXNativeTarget;
			buildConfigurationList = A45046141EDFEEB000AFE50C /* Build configuration list for PBXNativeTarget "SKYAOYAOTests" */;
			buildPhases = (
				A45045F91EDFEEB000AFE50C /* Sources */,
				A45045FA1EDFEEB000AFE50C /* Frameworks */,
				A45045FB1EDFEEB000AFE50C /* Resources */,
			);
			buildRules = (
			);
			dependencies = (
				A45045FF1EDFEEB000AFE50C /* PBXTargetDependency */,
			);
			name = SKYAOYAOTests;
			productName = SKYAOYAOTests;
			productReference = A45045FD1EDFEEB000AFE50C /* SKYAOYAOTests.xctest */;
			productType = "com.apple.product-type.bundle.unit-test";
		};
		A45046071EDFEEB000AFE50C /* SKYAOYAOUITests */ = {
			isa = PBXNativeTarget;
			buildConfigurationList = A45046171EDFEEB000AFE50C /* Build configuration list for PBXNativeTarget "SKYAOYAOUITests" */;
			buildPhases = (
				A45046041EDFEEB000AFE50C /* Sources */,
				A45046051EDFEEB000AFE50C /* Frameworks */,
				A45046061EDFEEB000AFE50C /* Resources */,
			);
			buildRules = (
			);
			dependencies = (
				A450460A1EDFEEB000AFE50C /* PBXTargetDependency */,
			);
			name = SKYAOYAOUITests;
			productName = SKYAOYAOUITests;
			productReference = A45046081EDFEEB000AFE50C /* SKYAOYAOUITests.xctest */;
			productType = "com.apple.product-type.bundle.ui-testing";
		};
/* End PBXNativeTarget section */

/* Begin PBXProject section */
		A45045E11EDFEEAF00AFE50C /* Project object */ = {
			isa = PBXProject;
			attributes = {
				CLASSPREFIX = SK;
				LastSwiftUpdateCheck = 0830;
				LastUpgradeCheck = 0830;
				ORGANIZATIONNAME = AlexanderYeah;
				TargetAttributes = {
					A45045E81EDFEEAF00AFE50C = {
						CreatedOnToolsVersion = 8.3;
						DevelopmentTeam = 7DC4XMJV5E;
						ProvisioningStyle = Automatic;
					};
					A45045FC1EDFEEB000AFE50C = {
						CreatedOnToolsVersion = 8.3;
						DevelopmentTeam = 7DC4XMJV5E;
						ProvisioningStyle = Automatic;
						TestTargetID = A45045E81EDFEEAF00AFE50C;
					};
					A45046071EDFEEB000AFE50C = {
						CreatedOnToolsVersion = 8.3;
						DevelopmentTeam = 7DC4XMJV5E;
						ProvisioningStyle = Automatic;
						TestTargetID = A45045E81EDFEEAF00AFE50C;
					};
				};
			};
			buildConfigurationList = A45045E41EDFEEAF00AFE50C /* Build configuration list for PBXProject "SKYAOYAO" */;
			compatibilityVersion = "Xcode 3.2";
			developmentRegion = English;
			hasScannedForEncodings = 0;
			knownRegions = (
				en,
				Base,
			);
			mainGroup = A45045E01EDFEEAE00AFE50C;
			productRefGroup = A45045EA1EDFEEAF00AFE50C /* Products */;
			projectDirPath = "";
			projectRoot = "";
			targets = (
				A45045E81EDFEEAF00AFE50C /* SKYAOYAO */,
				A45045FC1EDFEEB000AFE50C /* SKYAOYAOTests */,
				A45046071EDFEEB000AFE50C /* SKYAOYAOUITests */,
			);
		};
/* End PBXProject section */

/* Begin PBXResourcesBuildPhase section */
		A45045E71EDFEEAF00AFE50C /* Resources */ = {
			isa = PBXResourcesBuildPhase;
			buildActionMask = 2147483647;
			files = (
				A45045F71EDFEEAF00AFE50C /* LaunchScreen.storyboard in Resources */,
				A45045F41EDFEEAF00AFE50C /* Assets.xcassets in Resources */,
			);
			runOnlyForDeploymentPostprocessing = 0;
		};
		A45045FB1EDFEEB000AFE50C /* Resources */ = {
			isa = PBXResourcesBuildPhase;
			buildActionMask = 2147483647;
			files = (
			);
			runOnlyForDeploymentPostprocessing = 0;
		};
		A45046061EDFEEB000AFE50C /* Resources */ = {
			isa = PBXResourcesBuildPhase;
			buildActionMask = 2147483647;
			files = (
			);
			runOnlyForDeploymentPostprocessing = 0;
		};
/* End PBXResourcesBuildPhase section */

/* Begin PBXSourcesBuildPhase section */
		A45045E51EDFEEAF00AFE50C /* Sources */ = {
			isa = PBXSourcesBuildPhase;
			buildActionMask = 2147483647;
			files = (
				A45046381EDFFB8900AFE50C /* SKCategoryViewController.swift in Sources */,
				A45046341EDFFAE900AFE50C /* SKTabbarViewController.swift in Sources */,
				A45046361EDFFB6C00AFE50C /* SKHomeViewController.swift in Sources */,
				A450461B1EDFF73600AFE50C /* pubInvoke.swift in Sources */,
				A450461D1EDFF80500AFE50C /* SKNavViewController.swift in Sources */,
				A45045ED1EDFEEAF00AFE50C /* AppDelegate.swift in Sources */,
				A450463C1EDFFBC500AFE50C /* SKProfileViewController.swift in Sources */,
				A450463A1EDFFBB400AFE50C /* SKShopCarViewController.swift in Sources */,
			);
			runOnlyForDeploymentPostprocessing = 0;
		};
		A45045F91EDFEEB000AFE50C /* Sources */ = {
			isa = PBXSourcesBuildPhase;
			buildActionMask = 2147483647;
			files = (
				A45046021EDFEEB000AFE50C /* SKYAOYAOTests.swift in Sources */,
			);
			runOnlyForDeploymentPostprocessing = 0;
		};
		A45046041EDFEEB000AFE50C /* Sources */ = {
			isa = PBXSourcesBuildPhase;
			buildActionMask = 2147483647;
			files = (
				A450460D1EDFEEB000AFE50C /* SKYAOYAOUITests.swift in Sources */,
			);
			runOnlyForDeploymentPostprocessing = 0;
		};
/* End PBXSourcesBuildPhase section */

/* Begin PBXTargetDependency section */
		A45045FF1EDFEEB000AFE50C /* PBXTargetDependency */ = {
			isa = PBXTargetDependency;
			target = A45045E81EDFEEAF00AFE50C /* SKYAOYAO */;
			targetProxy = A45045FE1EDFEEB000AFE50C /* PBXContainerItemProxy */;
		};
		A450460A1EDFEEB000AFE50C /* PBXTargetDependency */ = {
			isa = PBXTargetDependency;
			target = A45045E81EDFEEAF00AFE50C /* SKYAOYAO */;
			targetProxy = A45046091EDFEEB000AFE50C /* PBXContainerItemProxy */;
		};
/* End PBXTargetDependency section */

/* Begin PBXVariantGroup section */
		A45045F51EDFEEAF00AFE50C /* LaunchScreen.storyboard */ = {
			isa = PBXVariantGroup;
			children = (
				A45045F61EDFEEAF00AFE50C /* Base */,
			);
			name = LaunchScreen.storyboard;
			sourceTree = "<group>";
		};
/* End PBXVariantGroup section */

/* Begin XCBuildConfiguration section */
		A450460F1EDFEEB000AFE50C /* Debug */ = {
			isa = XCBuildConfiguration;
			buildSettings = {
				ALWAYS_SEARCH_USER_PATHS = NO;
				CLANG_ANALYZER_NONNULL = YES;
				CLANG_ANALYZER_NUMBER_OBJECT_CONVERSION = YES_AGGRESSIVE;
				CLANG_CXX_LANGUAGE_STANDARD = "gnu++0x";
				CLANG_CXX_LIBRARY = "libc++";
				CLANG_ENABLE_MODULES = YES;
				CLANG_ENABLE_OBJC_ARC = YES;
				CLANG_WARN_BOOL_CONVERSION = YES;
				CLANG_WARN_CONSTANT_CONVERSION = YES;
				CLANG_WARN_DIRECT_OBJC_ISA_USAGE = YES_ERROR;
				CLANG_WARN_DOCUMENTATION_COMMENTS = YES;
				CLANG_WARN_EMPTY_BODY = YES;
				CLANG_WARN_ENUM_CONVERSION = YES;
				CLANG_WARN_INFINITE_RECURSION = YES;
				CLANG_WARN_INT_CONVERSION = YES;
				CLANG_WARN_OBJC_ROOT_CLASS = YES_ERROR;
				CLANG_WARN_SUSPICIOUS_MOVE = YES;
				CLANG_WARN_UNREACHABLE_CODE = YES;
				CLANG_WARN__DUPLICATE_METHOD_MATCH = YES;
				"CODE_SIGN_IDENTITY[sdk=iphoneos*]" = "iPhone Developer";
				COPY_PHASE_STRIP = NO;
				DEBUG_INFORMATION_FORMAT = dwarf;
				ENABLE_STRICT_OBJC_MSGSEND = YES;
				ENABLE_TESTABILITY = YES;
				GCC_C_LANGUAGE_STANDARD = gnu99;
				GCC_DYNAMIC_NO_PIC = NO;
				GCC_NO_COMMON_BLOCKS = YES;
				GCC_OPTIMIZATION_LEVEL = 0;
				GCC_PREPROCESSOR_DEFINITIONS = (
					"DEBUG=1",
					"$(inherited)",
				);
				GCC_WARN_64_TO_32_BIT_CONVERSION = YES;
				GCC_WARN_ABOUT_RETURN_TYPE = YES_ERROR;
				GCC_WARN_UNDECLARED_SELECTOR = YES;
				GCC_WARN_UNINITIALIZED_AUTOS = YES_AGGRESSIVE;
				GCC_WARN_UNUSED_FUNCTION = YES;
				GCC_WARN_UNUSED_VARIABLE = YES;
				IPHONEOS_DEPLOYMENT_TARGET = 10.3;
				MTL_ENABLE_DEBUG_INFO = YES;
				ONLY_ACTIVE_ARCH = YES;
				SDKROOT = iphoneos;
				SWIFT_ACTIVE_COMPILATION_CONDITIONS = DEBUG;
				SWIFT_OPTIMIZATION_LEVEL = "-Onone";
			};
			name = Debug;
		};
		A45046101EDFEEB000AFE50C /* Release */ = {
			isa = XCBuildConfiguration;
			buildSettings = {
				ALWAYS_SEARCH_USER_PATHS = NO;
				CLANG_ANALYZER_NONNULL = YES;
				CLANG_ANALYZER_NUMBER_OBJECT_CONVERSION = YES_AGGRESSIVE;
				CLANG_CXX_LANGUAGE_STANDARD = "gnu++0x";
				CLANG_CXX_LIBRARY = "libc++";
				CLANG_ENABLE_MODULES = YES;
				CLANG_ENABLE_OBJC_ARC = YES;
				CLANG_WARN_BOOL_CONVERSION = YES;
				CLANG_WARN_CONSTANT_CONVERSION = YES;
				CLANG_WARN_DIRECT_OBJC_ISA_USAGE = YES_ERROR;
				CLANG_WARN_DOCUMENTATION_COMMENTS = YES;
				CLANG_WARN_EMPTY_BODY = YES;
				CLANG_WARN_ENUM_CONVERSION = YES;
				CLANG_WARN_INFINITE_RECURSION = YES;
				CLANG_WARN_INT_CONVERSION = YES;
				CLANG_WARN_OBJC_ROOT_CLASS = YES_ERROR;
				CLANG_WARN_SUSPICIOUS_MOVE = YES;
				CLANG_WARN_UNREACHABLE_CODE = YES;
				CLANG_WARN__DUPLICATE_METHOD_MATCH = YES;
				"CODE_SIGN_IDENTITY[sdk=iphoneos*]" = "iPhone Developer";
				COPY_PHASE_STRIP = NO;
				DEBUG_INFORMATION_FORMAT = "dwarf-with-dsym";
				ENABLE_NS_ASSERTIONS = NO;
				ENABLE_STRICT_OBJC_MSGSEND = YES;
				GCC_C_LANGUAGE_STANDARD = gnu99;
				GCC_NO_COMMON_BLOCKS = YES;
				GCC_WARN_64_TO_32_BIT_CONVERSION = YES;
				GCC_WARN_ABOUT_RETURN_TYPE = YES_ERROR;
				GCC_WARN_UNDECLARED_SELECTOR = YES;
				GCC_WARN_UNINITIALIZED_AUTOS = YES_AGGRESSIVE;
				GCC_WARN_UNUSED_FUNCTION = YES;
				GCC_WARN_UNUSED_VARIABLE = YES;
				IPHONEOS_DEPLOYMENT_TARGET = 10.3;
				MTL_ENABLE_DEBUG_INFO = NO;
				SDKROOT = iphoneos;
				SWIFT_OPTIMIZATION_LEVEL = "-Owholemodule";
				VALIDATE_PRODUCT = YES;
			};
			name = Release;
		};
		A45046121EDFEEB000AFE50C /* Debug */ = {
			isa = XCBuildConfiguration;
			buildSettings = {
				ASSETCATALOG_COMPILER_APPICON_NAME = AppIcon;
				DEVELOPMENT_TEAM = 7DC4XMJV5E;
				INFOPLIST_FILE = SKYAOYAO/Info.plist;
				IPHONEOS_DEPLOYMENT_TARGET = 9.0;
				LD_RUNPATH_SEARCH_PATHS = "$(inherited) @executable_path/Frameworks";
				PRODUCT_BUNDLE_IDENTIFIER = alexander.SKYAOYAO;
				PRODUCT_NAME = "$(TARGET_NAME)";
				SWIFT_VERSION = 3.0;
				TARGETED_DEVICE_FAMILY = 1;
			};
			name = Debug;
		};
		A45046131EDFEEB000AFE50C /* Release */ = {
			isa = XCBuildConfiguration;
			buildSettings = {
				ASSETCATALOG_COMPILER_APPICON_NAME = AppIcon;
				DEVELOPMENT_TEAM = 7DC4XMJV5E;
				INFOPLIST_FILE = SKYAOYAO/Info.plist;
				IPHONEOS_DEPLOYMENT_TARGET = 9.0;
				LD_RUNPATH_SEARCH_PATHS = "$(inherited) @executable_path/Frameworks";
				PRODUCT_BUNDLE_IDENTIFIER = alexander.SKYAOYAO;
				PRODUCT_NAME = "$(TARGET_NAME)";
				SWIFT_VERSION = 3.0;
				TARGETED_DEVICE_FAMILY = 1;
			};
			name = Release;
		};
		A45046151EDFEEB000AFE50C /* Debug */ = {
			isa = XCBuildConfiguration;
			buildSettings = {
				ALWAYS_EMBED_SWIFT_STANDARD_LIBRARIES = YES;
				BUNDLE_LOADER = "$(TEST_HOST)";
				DEVELOPMENT_TEAM = 7DC4XMJV5E;
				INFOPLIST_FILE = SKYAOYAOTests/Info.plist;
				LD_RUNPATH_SEARCH_PATHS = "$(inherited) @executable_path/Frameworks @loader_path/Frameworks";
				PRODUCT_BUNDLE_IDENTIFIER = alexander.SKYAOYAOTests;
				PRODUCT_NAME = "$(TARGET_NAME)";
				SWIFT_VERSION = 3.0;
				TEST_HOST = "$(BUILT_PRODUCTS_DIR)/SKYAOYAO.app/SKYAOYAO";
			};
			name = Debug;
		};
		A45046161EDFEEB000AFE50C /* Release */ = {
			isa = XCBuildConfiguration;
			buildSettings = {
				ALWAYS_EMBED_SWIFT_STANDARD_LIBRARIES = YES;
				BUNDLE_LOADER = "$(TEST_HOST)";
				DEVELOPMENT_TEAM = 7DC4XMJV5E;
				INFOPLIST_FILE = SKYAOYAOTests/Info.plist;
				LD_RUNPATH_SEARCH_PATHS = "$(inherited) @executable_path/Frameworks @loader_path/Frameworks";
				PRODUCT_BUNDLE_IDENTIFIER = alexander.SKYAOYAOTests;
				PRODUCT_NAME = "$(TARGET_NAME)";
				SWIFT_VERSION = 3.0;
				TEST_HOST = "$(BUILT_PRODUCTS_DIR)/SKYAOYAO.app/SKYAOYAO";
			};
			name = Release;
		};
		A45046181EDFEEB000AFE50C /* Debug */ = {
			isa = XCBuildConfiguration;
			buildSettings = {
				ALWAYS_EMBED_SWIFT_STANDARD_LIBRARIES = YES;
				DEVELOPMENT_TEAM = 7DC4XMJV5E;
				INFOPLIST_FILE = SKYAOYAOUITests/Info.plist;
				LD_RUNPATH_SEARCH_PATHS = "$(inherited) @executable_path/Frameworks @loader_path/Frameworks";
				PRODUCT_BUNDLE_IDENTIFIER = alexander.SKYAOYAOUITests;
				PRODUCT_NAME = "$(TARGET_NAME)";
				SWIFT_VERSION = 3.0;
				TEST_TARGET_NAME = SKYAOYAO;
			};
			name = Debug;
		};
		A45046191EDFEEB000AFE50C /* Release */ = {
			isa = XCBuildConfiguration;
			buildSettings = {
				ALWAYS_EMBED_SWIFT_STANDARD_LIBRARIES = YES;
				DEVELOPMENT_TEAM = 7DC4XMJV5E;
				INFOPLIST_FILE = SKYAOYAOUITests/Info.plist;
				LD_RUNPATH_SEARCH_PATHS = "$(inherited) @executable_path/Frameworks @loader_path/Frameworks";
				PRODUCT_BUNDLE_IDENTIFIER = alexander.SKYAOYAOUITests;
				PRODUCT_NAME = "$(TARGET_NAME)";
				SWIFT_VERSION = 3.0;
				TEST_TARGET_NAME = SKYAOYAO;
			};
			name = Release;
		};
/* End XCBuildConfiguration section */

/* Begin XCConfigurationList section */
		A45045E41EDFEEAF00AFE50C /* Build configuration list for PBXProject "SKYAOYAO" */ = {
			isa = XCConfigurationList;
			buildConfigurations = (
				A450460F1EDFEEB000AFE50C /* Debug */,
				A45046101EDFEEB000AFE50C /* Release */,
			);
			defaultConfigurationIsVisible = 0;
			defaultConfigurationName = Release;
		};
		A45046111EDFEEB000AFE50C /* Build configuration list for PBXNativeTarget "SKYAOYAO" */ = {
			isa = XCConfigurationList;
			buildConfigurations = (
				A45046121EDFEEB000AFE50C /* Debug */,
				A45046131EDFEEB000AFE50C /* Release */,
			);
			defaultConfigurationIsVisible = 0;
		};
		A45046141EDFEEB000AFE50C /* Build configuration list for PBXNativeTarget "SKYAOYAOTests" */ = {
			isa = XCConfigurationList;
			buildConfigurations = (
				A45046151EDFEEB000AFE50C /* Debug */,
				A45046161EDFEEB000AFE50C /* Release */,
			);
			defaultConfigurationIsVisible = 0;
		};
		A45046171EDFEEB000AFE50C /* Build configuration list for PBXNativeTarget "SKYAOYAOUITests" */ = {
			isa = XCConfigurationList;
			buildConfigurations = (
				A45046181EDFEEB000AFE50C /* Debug */,
				A45046191EDFEEB000AFE50C /* Release */,
			);
			defaultConfigurationIsVisible = 0;
		};
/* End XCConfigurationList section */
	};
	rootObject = A45045E11EDFEEAF00AFE50C /* Project object */;
}
